<?xml version="1.0" encoding="UTF-8"?>
<Solution>
	<Configurations>
		<BuildType Name="Debug"/>
		<BuildType Name="Release"/>
		<BuildType Name="MinSizeRel"/>
		<BuildType Name="RelWithDebInfo"/>
		<Platform Name="x64"/>
	</Configurations>
	<Project Path="ALL_BUILD.vcxproj" Type="8bc9ceb8-8b4a-11d0-8d11-00a0c91bc942" Id="26ba0052-1960-30f5-87d4-fdd2a9cc6289" DefaultStartup="true">
		<BuildDependency Project="ZERO_CHECK.vcxproj"/>
		<BuildDependency Project="check_image.vcxproj"/>
		<BuildDependency Project="novel_player.vcxproj"/>
		<Build Solution="Debug|*" Project="false"/>
		<Build Solution="Release|*" Project="false"/>
		<Build Solution="MinSizeRel|*" Project="false"/>
		<Build Solution="RelWithDebInfo|*" Project="false"/>
	</Project>
	<Project Path="ZERO_CHECK.vcxproj" Type="8bc9ceb8-8b4a-11d0-8d11-00a0c91bc942" Id="b98d9080-c243-3013-823d-82fa0c9c769e"/>
	<Project Path="check_image.vcxproj" Type="8bc9ceb8-8b4a-11d0-8d11-00a0c91bc942" Id="7534d9eb-62cb-305f-8eb7-a3923aa94005">
		<BuildDependency Project="ZERO_CHECK.vcxproj"/>
	</Project>
	<Project Path="novel_player.vcxproj" Type="8bc9ceb8-8b4a-11d0-8d11-00a0c91bc942" Id="3ad8583d-8bf4-3920-953d-fc51a4ef1614">
		<BuildDependency Project="ZERO_CHECK.vcxproj"/>
	</Project>
</Solution>
